{
    "_readme": [
        "This file locks the dependencies of your project to a known state",
        "Read more about it at http://getcomposer.org/doc/01-basic-usage.md#composer-lock-the-lock-file"
    ],
    "hash": "6852320dfe1e47c82a7f902e2c022d5c",
    "packages": [
        {
            "name": "clue/basedir",
            "version": "dev-master",
            "source": {
                "type": "git",
                "url": "https://github.com/clue/basedir.git",
                "reference": "9bf3df637862596ff7ef6cedab8c4d01d9d48cf1"
            },
            "dist": {
                "type": "zip",
                "url": "https://api.github.com/repos/clue/basedir/zipball/9bf3df637862596ff7ef6cedab8c4d01d9d48cf1",
                "reference": "9bf3df637862596ff7ef6cedab8c4d01d9d48cf1",
                "shasum": ""
            },
            "type": "library",
            "autoload": {
                "psr-0": {
                    "Clue\\Basedir": "src/"
                }
            },
            "license": [
                "MIT"
            ],
            "authors": [
                {
                    "name": "Christian Lück",
                    "email": "christian@lueck.tv"
                }
            ],
            "description": "Common user base directory (home, data, cache) for desktop / CLI applications (XDG Base Directory Specification)",
            "support": {
                "source": "https://github.com/clue/basedir/tree/master",
                "issues": "https://github.com/clue/basedir/issues"
            },
            "time": "2013-09-19 23:07:01"
        },
        {
            "name": "symfony/console",
            "version": "v2.3.4",
            "target-dir": "Symfony/Component/Console",
            "source": {
                "type": "git",
                "url": "https://github.com/symfony/Console.git",
                "reference": "db78f8ff7fc9e28d25ff9a0bf6ddf9f0e35fbbe3"
            },
            "dist": {
                "type": "zip",
                "url": "https://api.github.com/repos/symfony/Console/zipball/db78f8ff7fc9e28d25ff9a0bf6ddf9f0e35fbbe3",
                "reference": "db78f8ff7fc9e28d25ff9a0bf6ddf9f0e35fbbe3",
                "shasum": ""
            },
            "require": {
                "php": ">=5.3.3"
            },
            "require-dev": {
                "symfony/event-dispatcher": "~2.1"
            },
            "suggest": {
                "symfony/event-dispatcher": ""
            },
            "type": "library",
            "extra": {
                "branch-alias": {
                    "dev-master": "2.3-dev"
                }
            },
            "autoload": {
                "psr-0": {
                    "Symfony\\Component\\Console\\": ""
                }
            },
            "notification-url": "https://packagist.org/downloads/",
            "license": [
                "MIT"
            ],
            "authors": [
                {
                    "name": "Fabien Potencier",
                    "email": "fabien@symfony.com"
                },
                {
                    "name": "Symfony Community",
                    "homepage": "http://symfony.com/contributors"
                }
            ],
            "description": "Symfony Console Component",
            "homepage": "http://symfony.com",
            "time": "2013-08-17 16:34:49"
        }
    ],
    "packages-dev": [

    ],
    "aliases": [

    ],
    "minimum-stability": "stable",
    "stability-flags": {
        "clue/basedir": 20
    },
    "platform": [

    ],
    "platform-dev": [

    ]
}
